github.com/looplanguage/loop v0.1.0 h1:el+qk1JZJLXpmbRsYTRVsLYzdrMACIOQsEUnpRMZAwc=
github.com/looplanguage/loop v0.1.0/go.mod h1:H1ENscrP1l2BSqSe4azQ6owr6TkBd7HgaUwDZDeUT6I=
github.com/looplanguage/loop v0.2.0 h1:YbIxZpGxiww562Ljue7oqjEqLb7NM592tE6Dl8V5rbE=
github.com/looplanguage/loop v0.2.0/go.mod h1:H1ENscrP1l2BSqSe4azQ6owr6TkBd7HgaUwDZDeUT6I=
